
Microsoft Visual Studio Solution File, Format Version 12.00
# Visual Studio Version 17
VisualStudioVersion = 17.1.32421.90
MinimumVisualStudioVersion = 10.0.40219.1
Project("{FAE04EC0-301F-11D3-BF4B-00C04F79EFBC}") = "GUI", "GUI\GUI.csproj", "{61EBAFA8-8BF7-4100-AED6-B4CDCF9EA1F4}"
EndProject
Project("{FAE04EC0-301F-11D3-BF4B-00C04F79EFBC}") = "DAL", "DAL\DAL.csproj", "{9E958BEB-717A-4D2E-BBE3-25D47429F84C}"
EndProject
Project("{FAE04EC0-301F-11D3-BF4B-00C04F79EFBC}") = "BLL", "BLL\BLL.csproj", "{3CAE58BE-1D68-4BEB-BA34-22CDE5D90CA5}"
EndProject
Global
	GlobalSection(SolutionConfigurationPlatforms) = preSolution
		Debug|Any CPU = Debug|Any CPU
		Release|Any CPU = Release|Any CPU
	EndGlobalSection
	GlobalSection(ProjectConfigurationPlatforms) = postSolution
		{61EBAFA8-8BF7-4100-AED6-B4CDCF9EA1F4}.Debug|Any CPU.ActiveCfg = Debug|Any CPU
		{61EBAFA8-8BF7-4100-AED6-B4CDCF9EA1F4}.Debug|Any CPU.Build.0 = Debug|Any CPU
		{61EBAFA8-8BF7-4100-AED6-B4CDCF9EA1F4}.Release|Any CPU.ActiveCfg = Release|Any CPU
		{61EBAFA8-8BF7-4100-AED6-B4CDCF9EA1F4}.Release|Any CPU.Build.0 = Release|Any CPU
		{9E958BEB-717A-4D2E-BBE3-25D47429F84C}.Debug|Any CPU.ActiveCfg = Debug|Any CPU
		{9E958BEB-717A-4D2E-BBE3-25D47429F84C}.Debug|Any CPU.Build.0 = Debug|Any CPU
		{9E958BEB-717A-4D2E-BBE3-25D47429F84C}.Release|Any CPU.ActiveCfg = Release|Any CPU
		{9E958BEB-717A-4D2E-BBE3-25D47429F84C}.Release|Any CPU.Build.0 = Release|Any CPU
		{3CAE58BE-1D68-4BEB-BA34-22CDE5D90CA5}.Debug|Any CPU.ActiveCfg = Debug|Any CPU
		{3CAE58BE-1D68-4BEB-BA34-22CDE5D90CA5}.Debug|Any CPU.Build.0 = Debug|Any CPU
		{3CAE58BE-1D68-4BEB-BA34-22CDE5D90CA5}.Release|Any CPU.ActiveCfg = Release|Any CPU
		{3CAE58BE-1D68-4BEB-BA34-22CDE5D90CA5}.Release|Any CPU.Build.0 = Release|Any CPU
	EndGlobalSection
	GlobalSection(SolutionProperties) = preSolution
		HideSolutionNode = FALSE
	EndGlobalSection
	GlobalSection(ExtensibilityGlobals) = postSolution
		SolutionGuid = {09265C89-AF0E-429B-9437-BBEBC42F00A1}
	EndGlobalSection
EndGlobal
